<?xml version="1.0" encoding="utf-8"?>
<Project ToolsVersion="4.0" xmlns="http://schemas.microsoft.com/developer/msbuild/2003">
  <ItemGroup>
    <Filter Include="Radiant">
      <UniqueIdentifier>{A8497895-1429-F730-1D41-8207899F5D92}</UniqueIdentifier>
    </Filter>
  </ItemGroup>
  <ItemGroup>
    <ClInclude Include="src\Radiant.h" />
    <ClInclude Include="src\Radiant\Application.h">
      <Filter>Radiant</Filter>
    </ClInclude>
    <ClInclude Include="src\Radiant\Core.h">
      <Filter>Radiant</Filter>
    </ClInclude>
    <ClInclude Include="src\Radiant\EntryPoint.h">
      <Filter>Radiant</Filter>
    </ClInclude>
    <ClInclude Include="src\Radiant\Log.h">
      <Filter>Radiant</Filter>
    </ClInclude>
  </ItemGroup>
  <ItemGroup>
    <ClCompile Include="src\Radiant\Application.cpp">
      <Filter>Radiant</Filter>
    </ClCompile>
    <ClCompile Include="src\Radiant\Log.cpp">
      <Filter>Radiant</Filter>
    </ClCompile>
  </ItemGroup>
</Project>